
Microsoft Visual Studio Solution File, Format Version 12.00
# Visual Studio Version 17
VisualStudioVersion = 17.2.32630.192
MinimumVisualStudioVersion = 10.0.40219.1
Project("{FAE04EC0-301F-11D3-BF4B-00C04F79EFBC}") = "Integration", "Integration\Integration.csproj", "{50C8BF69-071D-486E-8374-32D6E155064F}"
EndProject
Global
	GlobalSection(SolutionConfigurationPlatforms) = preSolution
		Debug|Any CPU = Debug|Any CPU
		Release|Any CPU = Release|Any CPU
	EndGlobalSection
	GlobalSection(ProjectConfigurationPlatforms) = postSolution
		{50C8BF69-071D-486E-8374-32D6E155064F}.Debug|Any CPU.ActiveCfg = Debug|Any CPU
		{50C8BF69-071D-486E-8374-32D6E155064F}.Debug|Any CPU.Build.0 = Debug|Any CPU
		{50C8BF69-071D-486E-8374-32D6E155064F}.Release|Any CPU.ActiveCfg = Release|Any CPU
		{50C8BF69-071D-486E-8374-32D6E155064F}.Release|Any CPU.Build.0 = Release|Any CPU
	EndGlobalSection
	GlobalSection(SolutionProperties) = preSolution
		HideSolutionNode = FALSE
	EndGlobalSection
	GlobalSection(ExtensibilityGlobals) = postSolution
		SolutionGuid = {CF7E1601-6610-46F6-9F4B-48C40A3077A5}
	EndGlobalSection
EndGlobal
